
Microsoft Visual Studio Solution File, Format Version 12.00
# Visual Studio Version 17
VisualStudioVersion = 17.14.36401.2 d17.14
MinimumVisualStudioVersion = 10.0.40219.1
Project("{FAE04EC0-301F-11D3-BF4B-00C04F79EFBC}") = "BASIC PROJ", "BASIC PROJ.csproj", "{FBED7048-294D-4EC8-AA80-2963D1593258}"
EndProject
Global
	GlobalSection(SolutionConfigurationPlatforms) = preSolution
		Debug|Any CPU = Debug|Any CPU
		Release|Any CPU = Release|Any CPU
	EndGlobalSection
	GlobalSection(ProjectConfigurationPlatforms) = postSolution
		{FBED7048-294D-4EC8-AA80-2963D1593258}.Debug|Any CPU.ActiveCfg = Debug|Any CPU
		{FBED7048-294D-4EC8-AA80-2963D1593258}.Debug|Any CPU.Build.0 = Debug|Any CPU
		{FBED7048-294D-4EC8-AA80-2963D1593258}.Release|Any CPU.ActiveCfg = Release|Any CPU
		{FBED7048-294D-4EC8-AA80-2963D1593258}.Release|Any CPU.Build.0 = Release|Any CPU
	EndGlobalSection
	GlobalSection(SolutionProperties) = preSolution
		HideSolutionNode = FALSE
	EndGlobalSection
	GlobalSection(ExtensibilityGlobals) = postSolution
		SolutionGuid = {448D0D03-2A94-483B-8799-46E6A23B11FA}
	EndGlobalSection
EndGlobal
